// !$*UTF8*$!
{
	archiveVersion = 1;
	classes = {
	};
	objectVersion = 46;
	objects = {

/* Begin PBXBuildFile section */
		F78393BE1E8BC74800EA831B /* AppDelegate.swift in Sources */ = {isa = PBXBuildFile; fileRef = F78393BD1E8BC74800EA831B /* AppDelegate.swift */; };
		F78393C31E8BC74800EA831B /* Main.storyboard in Resources */ = {isa = PBXBuildFile; fileRef = F78393C11E8BC74800EA831B /* Main.storyboard */; };
		F78393C51E8BC74800EA831B /* Assets.xcassets in Resources */ = {isa = PBXBuildFile; fileRef = F78393C41E8BC74800EA831B /* Assets.xcassets */; };
		F78393C81E8BC74800EA831B /* LaunchScreen.storyboard in Resources */ = {isa = PBXBuildFile; fileRef = F78393C61E8BC74800EA831B /* LaunchScreen.storyboard */; };
		F78393D11E8BC87300EA831B /* ImageViewController.swift in Sources */ = {isa = PBXBuildFile; fileRef = F78393D01E8BC87300EA831B /* ImageViewController.swift */; };
		F78393D31E8BCF9700EA831B /* DemoURL.swift in Sources */ = {isa = PBXBuildFile; fileRef = F78393D21E8BCF9700EA831B /* DemoURL.swift */; };
/* End PBXBuildFile section */

/* Begin PBXFileReference section */
		F78393BA1E8BC74800EA831B /* Cassini.app */ = {isa = PBXFileReference; explicitFileType = wrapper.application; includeInIndex = 0; path = Cassini.app; sourceTree = BUILT_PRODUCTS_DIR; };
		F78393BD1E8BC74800EA831B /* AppDelegate.swift */ = {isa = PBXFileReference; lastKnownFileType = sourcecode.swift; path = AppDelegate.swift; sourceTree = "<group>"; };
		F78393C21E8BC74800EA831B /* Base */ = {isa = PBXFileReference; lastKnownFileType = file.storyboard; name = Base; path = Base.lproj/Main.storyboard; sourceTree = "<group>"; };
		F78393C41E8BC74800EA831B /* Assets.xcassets */ = {isa = PBXFileReference; lastKnownFileType = folder.assetcatalog; path = Assets.xcassets; sourceTree = "<group>"; };
		F78393C71E8BC74800EA831B /* Base */ = {isa = PBXFileReference; lastKnownFileType = file.storyboard; name = Base; path = Base.lproj/LaunchScreen.storyboard; sourceTree = "<group>"; };
		F78393C91E8BC74900EA831B /* Info.plist */ = {isa = PBXFileReference; lastKnownFileType = text.plist.xml; path = Info.plist; sourceTree = "<group>"; };
		F78393D01E8BC87300EA831B /* ImageViewController.swift */ = {isa = PBXFileReference; fileEncoding = 4; lastKnownFileType = sourcecode.swift; path = ImageViewController.swift; sourceTree = "<group>"; };
		F78393D21E8BCF9700EA831B /* DemoURL.swift */ = {isa = PBXFileReference; fileEncoding = 4; lastKnownFileType = sourcecode.swift; path = DemoURL.swift; sourceTree = "<group>"; };
/* End PBXFileReference section */

/* Begin PBXFrameworksBuildPhase section */
		F78393B71E8BC74800EA831B /* Frameworks */ = {
			isa = PBXFrameworksBuildPhase;
			buildActionMask = 2147483647;
			files = (
			);
			runOnlyForDeploymentPostprocessing = 0;
		};
/* End PBXFrameworksBuildPhase section */

/* Begin PBXGroup section */
		F78393B11E8BC74800EA831B = {
			isa = PBXGroup;
			children = (
				F78393BC1E8BC74800EA831B /* Cassini */,
				F78393BB1E8BC74800EA831B /* Products */,
			);
			sourceTree = "<group>";
		};
		F78393BB1E8BC74800EA831B /* Products */ = {
			isa = PBXGroup;
			children = (
				F78393BA1E8BC74800EA831B /* Cassini.app */,
			);
			name = Products;
			sourceTree = "<group>";
		};
		F78393BC1E8BC74800EA831B /* Cassini */ = {
			isa = PBXGroup;
			children = (
				F78393D21E8BCF9700EA831B /* DemoURL.swift */,
				F78393D01E8BC87300EA831B /* ImageViewController.swift */,
				F78393C11E8BC74800EA831B /* Main.storyboard */,
				F78393C91E8BC74900EA831B /* Info.plist */,
				F78393CF1E8BC76900EA831B /* Supporting Files */,
			);
			path = Cassini;
			sourceTree = "<group>";
		};
		F78393CF1E8BC76900EA831B /* Supporting Files */ = {
			isa = PBXGroup;
			children = (
				F78393BD1E8BC74800EA831B /* AppDelegate.swift */,
				F78393C41E8BC74800EA831B /* Assets.xcassets */,
				F78393C61E8BC74800EA831B /* LaunchScreen.storyboard */,
			);
			name = "Supporting Files";
			sourceTree = "<group>";
		};
/* End PBXGroup section */

/* Begin PBXNativeTarget section */
		F78393B91E8BC74800EA831B /* Cassini */ = {
			isa = PBXNativeTarget;
			buildConfigurationList = F78393CC1E8BC74900EA831B /* Build configuration list for PBXNativeTarget "Cassini" */;
			buildPhases = (
				F78393B61E8BC74800EA831B /* Sources */,
				F78393B71E8BC74800EA831B /* Frameworks */,
				F78393B81E8BC74800EA831B /* Resources */,
			);
			buildRules = (
			);
			dependencies = (
			);
			name = Cassini;
			productName = Cassini;
			productReference = F78393BA1E8BC74800EA831B /* Cassini.app */;
			productType = "com.apple.product-type.application";
		};
/* End PBXNativeTarget section */

/* Begin PBXProject section */
		F78393B21E8BC74800EA831B /* Project object */ = {
			isa = PBXProject;
			attributes = {
				LastSwiftUpdateCheck = 0820;
				LastUpgradeCheck = 0820;
				ORGANIZATIONNAME = "Naeem Shaikh";
				TargetAttributes = {
					F78393B91E8BC74800EA831B = {
						CreatedOnToolsVersion = 8.2.1;
						DevelopmentTeam = HQX3323RTU;
						ProvisioningStyle = Automatic;
					};
				};
			};
			buildConfigurationList = F78393B51E8BC74800EA831B /* Build configuration list for PBXProject "Cassini" */;
			compatibilityVersion = "Xcode 3.2";
			developmentRegion = English;
			hasScannedForEncodings = 0;
			knownRegions = (
				en,
				Base,
			);
			mainGroup = F78393B11E8BC74800EA831B;
			productRefGroup = F78393BB1E8BC74800EA831B /* Products */;
			projectDirPath = "";
			projectRoot = "";
			targets = (
				F78393B91E8BC74800EA831B /* Cassini */,
			);
		};
/* End PBXProject section */

/* Begin PBXResourcesBuildPhase section */
		F78393B81E8BC74800EA831B /* Resources */ = {
			isa = PBXResourcesBuildPhase;
			buildActionMask = 2147483647;
			files = (
				F78393C81E8BC74800EA831B /* LaunchScreen.storyboard in Resources */,
				F78393C51E8BC74800EA831B /* Assets.xcassets in Resources */,
				F78393C31E8BC74800EA831B /* Main.storyboard in Resources */,
			);
			runOnlyForDeploymentPostprocessing = 0;
		};
/* End PBXResourcesBuildPhase section */

/* Begin PBXSourcesBuildPhase section */
		F78393B61E8BC74800EA831B /* Sources */ = {
			isa = PBXSourcesBuildPhase;
			buildActionMask = 2147483647;
			files = (
				F78393D11E8BC87300EA831B /* ImageViewController.swift in Sources */,
				F78393BE1E8BC74800EA831B /* AppDelegate.swift in Sources */,
				F78393D31E8BCF9700EA831B /* DemoURL.swift in Sources */,
			);
			runOnlyForDeploymentPostprocessing = 0;
		};
/* End PBXSourcesBuildPhase section */

/* Begin PBXVariantGroup section */
		F78393C11E8BC74800EA831B /* Main.storyboard */ = {
			isa = PBXVariantGroup;
			children = (
				F78393C21E8BC74800EA831B /* Base */,
			);
			name = Main.storyboard;
			sourceTree = "<group>";
		};
		F78393C61E8BC74800EA831B /* LaunchScreen.storyboard */ = {
			isa = PBXVariantGroup;
			children = (
				F78393C71E8BC74800EA831B /* Base */,
			);
			name = LaunchScreen.storyboard;
			sourceTree = "<group>";
		};
/* End PBXVariantGroup section */

/* Begin XCBuildConfiguration section */
		F78393CA1E8BC74900EA831B /* Debug */ = {
			isa = XCBuildConfiguration;
			buildSettings = {
				ALWAYS_SEARCH_USER_PATHS = NO;
				CLANG_ANALYZER_NONNULL = YES;
				CLANG_CXX_LANGUAGE_STANDARD = "gnu++0x";
				CLANG_CXX_LIBRARY = "libc++";
				CLANG_ENABLE_MODULES = YES;
				CLANG_ENABLE_OBJC_ARC = YES;
				CLANG_WARN_BOOL_CONVERSION = YES;
				CLANG_WARN_CONSTANT_CONVERSION = YES;
				CLANG_WARN_DIRECT_OBJC_ISA_USAGE = YES_ERROR;
				CLANG_WARN_DOCUMENTATION_COMMENTS = YES;
				CLANG_WARN_EMPTY_BODY = YES;
				CLANG_WARN_ENUM_CONVERSION = YES;
				CLANG_WARN_INFINITE_RECURSION = YES;
				CLANG_WARN_INT_CONVERSION = YES;
				CLANG_WARN_OBJC_ROOT_CLASS = YES_ERROR;
				CLANG_WARN_SUSPICIOUS_MOVE = YES;
				CLANG_WARN_UNREACHABLE_CODE = YES;
				CLANG_WARN__DUPLICATE_METHOD_MATCH = YES;
				"CODE_SIGN_IDENTITY[sdk=iphoneos*]" = "iPhone Developer";
				COPY_PHASE_STRIP = NO;
				DEBUG_INFORMATION_FORMAT = dwarf;
				ENABLE_STRICT_OBJC_MSGSEND = YES;
				ENABLE_TESTABILITY = YES;
				GCC_C_LANGUAGE_STANDARD = gnu99;
				GCC_DYNAMIC_NO_PIC = NO;
				GCC_NO_COMMON_BLOCKS = YES;
				GCC_OPTIMIZATION_LEVEL = 0;
				GCC_PREPROCESSOR_DEFINITIONS = (
					"DEBUG=1",
					"$(inherited)",
				);
				GCC_WARN_64_TO_32_BIT_CONVERSION = YES;
				GCC_WARN_ABOUT_RETURN_TYPE = YES_ERROR;
				GCC_WARN_UNDECLARED_SELECTOR = YES;
				GCC_WARN_UNINITIALIZED_AUTOS = YES_AGGRESSIVE;
				GCC_WARN_UNUSED_FUNCTION = YES;
				GCC_WARN_UNUSED_VARIABLE = YES;
				IPHONEOS_DEPLOYMENT_TARGET = 10.2;
				MTL_ENABLE_DEBUG_INFO = YES;
				ONLY_ACTIVE_ARCH = YES;
				SDKROOT = iphoneos;
				SWIFT_ACTIVE_COMPILATION_CONDITIONS = DEBUG;
				SWIFT_OPTIMIZATION_LEVEL = "-Onone";
				TARGETED_DEVICE_FAMILY = "1,2";
			};
			name = Debug;
		};
		F78393CB1E8BC74900EA831B /* Release */ = {
			isa = XCBuildConfiguration;
			buildSettings = {
				ALWAYS_SEARCH_USER_PATHS = NO;
				CLANG_ANALYZER_NONNULL = YES;
				CLANG_CXX_LANGUAGE_STANDARD = "gnu++0x";
				CLANG_CXX_LIBRARY = "libc++";
				CLANG_ENABLE_MODULES = YES;
				CLANG_ENABLE_OBJC_ARC = YES;
				CLANG_WARN_BOOL_CONVERSION = YES;
				CLANG_WARN_CONSTANT_CONVERSION = YES;
				CLANG_WARN_DIRECT_OBJC_ISA_USAGE = YES_ERROR;
				CLANG_WARN_DOCUMENTATION_COMMENTS = YES;
				CLANG_WARN_EMPTY_BODY = YES;
				CLANG_WARN_ENUM_CONVERSION = YES;
				CLANG_WARN_INFINITE_RECURSION = YES;
				CLANG_WARN_INT_CONVERSION = YES;
				CLANG_WARN_OBJC_ROOT_CLASS = YES_ERROR;
				CLANG_WARN_SUSPICIOUS_MOVE = YES;
				CLANG_WARN_UNREACHABLE_CODE = YES;
				CLANG_WARN__DUPLICATE_METHOD_MATCH = YES;
				"CODE_SIGN_IDENTITY[sdk=iphoneos*]" = "iPhone Developer";
				COPY_PHASE_STRIP = NO;
				DEBUG_INFORMATION_FORMAT = "dwarf-with-dsym";
				ENABLE_NS_ASSERTIONS = NO;
				ENABLE_STRICT_OBJC_MSGSEND = YES;
				GCC_C_LANGUAGE_STANDARD = gnu99;
				GCC_NO_COMMON_BLOCKS = YES;
				GCC_WARN_64_TO_32_BIT_CONVERSION = YES;
				GCC_WARN_ABOUT_RETURN_TYPE = YES_ERROR;
				GCC_WARN_UNDECLARED_SELECTOR = YES;
				GCC_WARN_UNINITIALIZED_AUTOS = YES_AGGRESSIVE;
				GCC_WARN_UNUSED_FUNCTION = YES;
				GCC_WARN_UNUSED_VARIABLE = YES;
				IPHONEOS_DEPLOYMENT_TARGET = 10.2;
				MTL_ENABLE_DEBUG_INFO = NO;
				SDKROOT = iphoneos;
				SWIFT_OPTIMIZATION_LEVEL = "-Owholemodule";
				TARGETED_DEVICE_FAMILY = "1,2";
				VALIDATE_PRODUCT = YES;
			};
			name = Release;
		};
		F78393CD1E8BC74900EA831B /* Debug */ = {
			isa = XCBuildConfiguration;
			buildSettings = {
				ASSETCATALOG_COMPILER_APPICON_NAME = AppIcon;
				DEVELOPMENT_TEAM = HQX3323RTU;
				INFOPLIST_FILE = Cassini/Info.plist;
				LD_RUNPATH_SEARCH_PATHS = "$(inherited) @executable_path/Frameworks";
				PRODUCT_BUNDLE_IDENTIFIER = com.naeem.cs19p.Cassini;
				PRODUCT_NAME = "$(TARGET_NAME)";
				SWIFT_VERSION = 3.0;
			};
			name = Debug;
		};
		F78393CE1E8BC74900EA831B /* Release */ = {
			isa = XCBuildConfiguration;
			buildSettings = {
				ASSETCATALOG_COMPILER_APPICON_NAME = AppIcon;
				DEVELOPMENT_TEAM = HQX3323RTU;
				INFOPLIST_FILE = Cassini/Info.plist;
				LD_RUNPATH_SEARCH_PATHS = "$(inherited) @executable_path/Frameworks";
				PRODUCT_BUNDLE_IDENTIFIER = com.naeem.cs19p.Cassini;
				PRODUCT_NAME = "$(TARGET_NAME)";
				SWIFT_VERSION = 3.0;
			};
			name = Release;
		};
/* End XCBuildConfiguration section */

/* Begin XCConfigurationList section */
		F78393B51E8BC74800EA831B /* Build configuration list for PBXProject "Cassini" */ = {
			isa = XCConfigurationList;
			buildConfigurations = (
				F78393CA1E8BC74900EA831B /* Debug */,
				F78393CB1E8BC74900EA831B /* Release */,
			);
			defaultConfigurationIsVisible = 0;
			defaultConfigurationName = Release;
		};
		F78393CC1E8BC74900EA831B /* Build configuration list for PBXNativeTarget "Cassini" */ = {
			isa = XCConfigurationList;
			buildConfigurations = (
				F78393CD1E8BC74900EA831B /* Debug */,
				F78393CE1E8BC74900EA831B /* Release */,
			);
			defaultConfigurationIsVisible = 0;
		};
/* End XCConfigurationList section */
	};
	rootObject = F78393B21E8BC74800EA831B /* Project object */;
}
